
Microsoft Visual Studio Solution File, Format Version 12.00
# Visual Studio Version 16
VisualStudioVersion = 16.0.31025.194
MinimumVisualStudioVersion = 10.0.40219.1
Project("{9A19103F-16F7-4668-BE54-9A1E7A4F7556}") = "ToDoAPI", "ToDoAPI\ToDoAPI.csproj", "{A74D1A69-EE54-471C-B531-4CA3CFF2A9D4}"
EndProject
Project("{9A19103F-16F7-4668-BE54-9A1E7A4F7556}") = "ToDoApi.Tests", "ToDoApi.Tests\ToDoApi.Tests.csproj", "{9D3CFF34-BB51-4D72-B1E9-B3924A1786FF}"
EndProject
Project("{2150E333-8FDC-42A3-9474-1A3956D46DE8}") = "Src", "Src", "{14A643A6-213E-4831-91C5-3E2E577B5C70}"
EndProject
Project("{2150E333-8FDC-42A3-9474-1A3956D46DE8}") = "Test", "Test", "{00A69D98-FD57-4BA8-B611-55C0C5BF14BB}"
EndProject
Project("{2150E333-8FDC-42A3-9474-1A3956D46DE8}") = "Api", "Api", "{0602F415-DB22-4BBC-B8AF-721F8E838F75}"
EndProject
Project("{2150E333-8FDC-42A3-9474-1A3956D46DE8}") = "Core", "Core", "{3019A40E-F04E-45F6-A2F0-AD3203680182}"
EndProject
Project("{2150E333-8FDC-42A3-9474-1A3956D46DE8}") = "Infrastructure", "Infrastructure", "{328B730E-008B-4369-B83F-9BAD051A6FC6}"
EndProject
Project("{9A19103F-16F7-4668-BE54-9A1E7A4F7556}") = "ToDoApi.Domain", "ToDoApi.Domain\ToDoApi.Domain.csproj", "{9EF50628-5B81-40A7-8208-460791E6BBCD}"
EndProject
Project("{FAE04EC0-301F-11D3-BF4B-00C04F79EFBC}") = "ToDoApi.Persistence", "ToDoApi.Persistence\ToDoApi.Persistence.csproj", "{4385ED19-495D-4488-93F7-E273B3226E29}"
EndProject
Project("{FAE04EC0-301F-11D3-BF4B-00C04F79EFBC}") = "ToDoApi.Application", "ToDoApi.Application\ToDoApi.Application.csproj", "{979A4E7E-0819-4C99-87C8-EE75C7539014}"
EndProject
Project("{FAE04EC0-301F-11D3-BF4B-00C04F79EFBC}") = "ToDoApi.Infrastructure", "ToDoApi.Infrastructure\ToDoApi.Infrastructure.csproj", "{B94B5404-AC6F-4049-A058-D03CBDAFC7FC}"
EndProject
Global
	GlobalSection(SolutionConfigurationPlatforms) = preSolution
		Debug|Any CPU = Debug|Any CPU
		Release|Any CPU = Release|Any CPU
	EndGlobalSection
	GlobalSection(ProjectConfigurationPlatforms) = postSolution
		{A74D1A69-EE54-471C-B531-4CA3CFF2A9D4}.Debug|Any CPU.ActiveCfg = Debug|Any CPU
		{A74D1A69-EE54-471C-B531-4CA3CFF2A9D4}.Debug|Any CPU.Build.0 = Debug|Any CPU
		{A74D1A69-EE54-471C-B531-4CA3CFF2A9D4}.Release|Any CPU.ActiveCfg = Release|Any CPU
		{A74D1A69-EE54-471C-B531-4CA3CFF2A9D4}.Release|Any CPU.Build.0 = Release|Any CPU
		{9D3CFF34-BB51-4D72-B1E9-B3924A1786FF}.Debug|Any CPU.ActiveCfg = Debug|Any CPU
		{9D3CFF34-BB51-4D72-B1E9-B3924A1786FF}.Debug|Any CPU.Build.0 = Debug|Any CPU
		{9D3CFF34-BB51-4D72-B1E9-B3924A1786FF}.Release|Any CPU.ActiveCfg = Release|Any CPU
		{9D3CFF34-BB51-4D72-B1E9-B3924A1786FF}.Release|Any CPU.Build.0 = Release|Any CPU
		{9EF50628-5B81-40A7-8208-460791E6BBCD}.Debug|Any CPU.ActiveCfg = Debug|Any CPU
		{9EF50628-5B81-40A7-8208-460791E6BBCD}.Debug|Any CPU.Build.0 = Debug|Any CPU
		{9EF50628-5B81-40A7-8208-460791E6BBCD}.Release|Any CPU.ActiveCfg = Release|Any CPU
		{9EF50628-5B81-40A7-8208-460791E6BBCD}.Release|Any CPU.Build.0 = Release|Any CPU
		{4385ED19-495D-4488-93F7-E273B3226E29}.Debug|Any CPU.ActiveCfg = Debug|Any CPU
		{4385ED19-495D-4488-93F7-E273B3226E29}.Debug|Any CPU.Build.0 = Debug|Any CPU
		{4385ED19-495D-4488-93F7-E273B3226E29}.Release|Any CPU.ActiveCfg = Release|Any CPU
		{4385ED19-495D-4488-93F7-E273B3226E29}.Release|Any CPU.Build.0 = Release|Any CPU
		{979A4E7E-0819-4C99-87C8-EE75C7539014}.Debug|Any CPU.ActiveCfg = Debug|Any CPU
		{979A4E7E-0819-4C99-87C8-EE75C7539014}.Debug|Any CPU.Build.0 = Debug|Any CPU
		{979A4E7E-0819-4C99-87C8-EE75C7539014}.Release|Any CPU.ActiveCfg = Release|Any CPU
		{979A4E7E-0819-4C99-87C8-EE75C7539014}.Release|Any CPU.Build.0 = Release|Any CPU
		{B94B5404-AC6F-4049-A058-D03CBDAFC7FC}.Debug|Any CPU.ActiveCfg = Debug|Any CPU
		{B94B5404-AC6F-4049-A058-D03CBDAFC7FC}.Debug|Any CPU.Build.0 = Debug|Any CPU
		{B94B5404-AC6F-4049-A058-D03CBDAFC7FC}.Release|Any CPU.ActiveCfg = Release|Any CPU
		{B94B5404-AC6F-4049-A058-D03CBDAFC7FC}.Release|Any CPU.Build.0 = Release|Any CPU
	EndGlobalSection
	GlobalSection(SolutionProperties) = preSolution
		HideSolutionNode = FALSE
	EndGlobalSection
	GlobalSection(NestedProjects) = preSolution
		{A74D1A69-EE54-471C-B531-4CA3CFF2A9D4} = {0602F415-DB22-4BBC-B8AF-721F8E838F75}
		{9D3CFF34-BB51-4D72-B1E9-B3924A1786FF} = {00A69D98-FD57-4BA8-B611-55C0C5BF14BB}
		{0602F415-DB22-4BBC-B8AF-721F8E838F75} = {14A643A6-213E-4831-91C5-3E2E577B5C70}
		{3019A40E-F04E-45F6-A2F0-AD3203680182} = {14A643A6-213E-4831-91C5-3E2E577B5C70}
		{328B730E-008B-4369-B83F-9BAD051A6FC6} = {14A643A6-213E-4831-91C5-3E2E577B5C70}
		{9EF50628-5B81-40A7-8208-460791E6BBCD} = {3019A40E-F04E-45F6-A2F0-AD3203680182}
		{4385ED19-495D-4488-93F7-E273B3226E29} = {328B730E-008B-4369-B83F-9BAD051A6FC6}
		{979A4E7E-0819-4C99-87C8-EE75C7539014} = {3019A40E-F04E-45F6-A2F0-AD3203680182}
		{B94B5404-AC6F-4049-A058-D03CBDAFC7FC} = {328B730E-008B-4369-B83F-9BAD051A6FC6}
	EndGlobalSection
	GlobalSection(ExtensibilityGlobals) = postSolution
		SolutionGuid = {159461E9-9908-4672-B0E2-947610270DCC}
	EndGlobalSection
EndGlobal
